// !$*UTF8*$!
{
	archiveVersion = 1;
	classes = {
	};
	objectVersion = 77;
	objects = {

/* Begin PBXContainerItemProxy section */
		231481DB2D6565A000F65CF7 /* PBXContainerItemProxy */ = {
			isa = PBXContainerItemProxy;
			containerPortal = 231481C22D65659F00F65CF7 /* Project object */;
			proxyType = 1;
			remoteGlobalIDString = 231481C92D65659F00F65CF7;
			remoteInfo = LeagueiOSChallenge;
		};
		231481E52D6565A000F65CF7 /* PBXContainerItemProxy */ = {
			isa = PBXContainerItemProxy;
			containerPortal = 231481C22D65659F00F65CF7 /* Project object */;
			proxyType = 1;
			remoteGlobalIDString = 231481C92D65659F00F65CF7;
			remoteInfo = LeagueiOSChallenge;
		};
/* End PBXContainerItemProxy section */

/* Begin PBXFileReference section */
		231488572D6D12C100F65CF7 /* LeagueiOSChallenge.app */ = {isa = PBXFileReference; explicitFileType = wrapper.application; includeInIndex = 0; path = LeagueiOSChallenge.app; sourceTree = BUILT_PRODUCTS_DIR; };
		231488582D6D12C100F65CF7 /* LeagueiOSChallengeTests.xctest */ = {isa = PBXFileReference; explicitFileType = wrapper.cfbundle; includeInIndex = 0; path = LeagueiOSChallengeTests.xctest; sourceTree = BUILT_PRODUCTS_DIR; };
		231488592D6D12C100F65CF7 /* LeagueiOSChallengeUITests.xctest */ = {isa = PBXFileReference; explicitFileType = wrapper.cfbundle; includeInIndex = 0; path = LeagueiOSChallengeUITests.xctest; sourceTree = BUILT_PRODUCTS_DIR; };
		231489332D6D15C100F65CF7 /* LeagueArchitecturalChallenge.playground */ = {isa = PBXFileReference; lastKnownFileType = file.playground; path = LeagueArchitecturalChallenge.playground; sourceTree = "<group>"; xcLanguageSpecificationIdentifier = xcode.lang.swift; };
		231489362D6D15C100F65CF7 /* LeagueTechnicalChallenge.playground */ = {isa = PBXFileReference; lastKnownFileType = file.playground; path = LeagueTechnicalChallenge.playground; sourceTree = "<group>"; xcLanguageSpecificationIdentifier = xcode.lang.swift; };
/* End PBXFileReference section */

/* Begin PBXFileSystemSynchronizedBuildFileExceptionSet section */
		231482A52D65997600F65CF7 /* Exceptions for "LeagueiOSChallengeTests" folder in "LeagueiOSChallenge" target */ = {
			isa = PBXFileSystemSynchronizedBuildFileExceptionSet;
			membershipExceptions = (
				Mocks/MockAPIHelper.swift,
				Mocks/MockNetworkManager.swift,
			);
			target = 231481C92D65659F00F65CF7 /* LeagueiOSChallenge */;
		};
/* End PBXFileSystemSynchronizedBuildFileExceptionSet section */

/* Begin PBXFileSystemSynchronizedRootGroup section */
		231481CC2D65659F00F65CF7 /* LeagueiOSChallenge */ = {
			isa = PBXFileSystemSynchronizedRootGroup;
			path = LeagueiOSChallenge;
			sourceTree = "<group>";
		};
		231481DD2D6565A000F65CF7 /* LeagueiOSChallengeTests */ = {
			isa = PBXFileSystemSynchronizedRootGroup;
			exceptions = (
				231482A52D65997600F65CF7 /* Exceptions for "LeagueiOSChallengeTests" folder in "LeagueiOSChallenge" target */,
			);
			path = LeagueiOSChallengeTests;
			sourceTree = "<group>";
		};
		231481E72D6565A000F65CF7 /* LeagueiOSChallengeUITests */ = {
			isa = PBXFileSystemSynchronizedRootGroup;
			path = LeagueiOSChallengeUITests;
			sourceTree = "<group>";
		};
/* End PBXFileSystemSynchronizedRootGroup section */

/* Begin PBXFrameworksBuildPhase section */
		231481C72D65659F00F65CF7 /* Frameworks */ = {
			isa = PBXFrameworksBuildPhase;
			buildActionMask = 2147483647;
			files = (
			);
			runOnlyForDeploymentPostprocessing = 0;
		};
		231481D72D6565A000F65CF7 /* Frameworks */ = {
			isa = PBXFrameworksBuildPhase;
			buildActionMask = 2147483647;
			files = (
			);
			runOnlyForDeploymentPostprocessing = 0;
		};
		231481E12D6565A000F65CF7 /* Frameworks */ = {
			isa = PBXFrameworksBuildPhase;
			buildActionMask = 2147483647;
			files = (
			);
			runOnlyForDeploymentPostprocessing = 0;
		};
/* End PBXFrameworksBuildPhase section */

/* Begin PBXGroup section */
		231481C12D65659F00F65CF7 = {
			isa = PBXGroup;
			children = (
				231489362D6D15C100F65CF7 /* LeagueTechnicalChallenge.playground */,
				231489332D6D15C100F65CF7 /* LeagueArchitecturalChallenge.playground */,
				231481CC2D65659F00F65CF7 /* LeagueiOSChallenge */,
				231481DD2D6565A000F65CF7 /* LeagueiOSChallengeTests */,
				231481E72D6565A000F65CF7 /* LeagueiOSChallengeUITests */,
				231488572D6D12C100F65CF7 /* LeagueiOSChallenge.app */,
				231488582D6D12C100F65CF7 /* LeagueiOSChallengeTests.xctest */,
				231488592D6D12C100F65CF7 /* LeagueiOSChallengeUITests.xctest */,
			);
			sourceTree = "<group>";
		};
/* End PBXGroup section */

/* Begin PBXNativeTarget section */
		231481C92D65659F00F65CF7 /* LeagueiOSChallenge */ = {
			isa = PBXNativeTarget;
			buildConfigurationList = 231481EE2D6565A000F65CF7 /* Build configuration list for PBXNativeTarget "LeagueiOSChallenge" */;
			buildPhases = (
				231481C62D65659F00F65CF7 /* Sources */,
				231481C72D65659F00F65CF7 /* Frameworks */,
				231481C82D65659F00F65CF7 /* Resources */,
			);
			buildRules = (
			);
			dependencies = (
			);
			fileSystemSynchronizedGroups = (
				231481CC2D65659F00F65CF7 /* LeagueiOSChallenge */,
			);
			name = LeagueiOSChallenge;
			packageProductDependencies = (
			);
			productName = LeagueiOSChallenge;
			productReference = 231488572D6D12C100F65CF7 /* LeagueiOSChallenge.app */;
			productType = "com.apple.product-type.application";
		};
		231481D92D6565A000F65CF7 /* LeagueiOSChallengeTests */ = {
			isa = PBXNativeTarget;
			buildConfigurationList = 231481F12D6565A000F65CF7 /* Build configuration list for PBXNativeTarget "LeagueiOSChallengeTests" */;
			buildPhases = (
				231481D62D6565A000F65CF7 /* Sources */,
				231481D72D6565A000F65CF7 /* Frameworks */,
				231481D82D6565A000F65CF7 /* Resources */,
			);
			buildRules = (
			);
			dependencies = (
				231481DC2D6565A000F65CF7 /* PBXTargetDependency */,
			);
			fileSystemSynchronizedGroups = (
				231481DD2D6565A000F65CF7 /* LeagueiOSChallengeTests */,
			);
			name = LeagueiOSChallengeTests;
			packageProductDependencies = (
			);
			productName = LeagueiOSChallengeTests;
			productReference = 231488582D6D12C100F65CF7 /* LeagueiOSChallengeTests.xctest */;
			productType = "com.apple.product-type.bundle.unit-test";
		};
		231481E32D6565A000F65CF7 /* LeagueiOSChallengeUITests */ = {
			isa = PBXNativeTarget;
			buildConfigurationList = 231481F42D6565A000F65CF7 /* Build configuration list for PBXNativeTarget "LeagueiOSChallengeUITests" */;
			buildPhases = (
				231481E02D6565A000F65CF7 /* Sources */,
				231481E12D6565A000F65CF7 /* Frameworks */,
				231481E22D6565A000F65CF7 /* Resources */,
			);
			buildRules = (
			);
			dependencies = (
				231481E62D6565A000F65CF7 /* PBXTargetDependency */,
			);
			fileSystemSynchronizedGroups = (
				231481E72D6565A000F65CF7 /* LeagueiOSChallengeUITests */,
			);
			name = LeagueiOSChallengeUITests;
			packageProductDependencies = (
			);
			productName = LeagueiOSChallengeUITests;
			productReference = 231488592D6D12C100F65CF7 /* LeagueiOSChallengeUITests.xctest */;
			productType = "com.apple.product-type.bundle.ui-testing";
		};
/* End PBXNativeTarget section */

/* Begin PBXProject section */
		231481C22D65659F00F65CF7 /* Project object */ = {
			isa = PBXProject;
			attributes = {
				BuildIndependentTargetsInParallel = 1;
				LastSwiftUpdateCheck = 1600;
				LastUpgradeCheck = 1600;
				TargetAttributes = {
					231481C92D65659F00F65CF7 = {
						CreatedOnToolsVersion = 16.0;
					};
					231481D92D6565A000F65CF7 = {
						CreatedOnToolsVersion = 16.0;
						TestTargetID = 231481C92D65659F00F65CF7;
					};
					231481E32D6565A000F65CF7 = {
						CreatedOnToolsVersion = 16.0;
						TestTargetID = 231481C92D65659F00F65CF7;
					};
				};
			};
			buildConfigurationList = 231481C52D65659F00F65CF7 /* Build configuration list for PBXProject "LeagueiOSChallenge" */;
			developmentRegion = en;
			hasScannedForEncodings = 0;
			knownRegions = (
				en,
				Base,
			);
			mainGroup = 231481C12D65659F00F65CF7;
			minimizedProjectReferenceProxies = 1;
			preferredProjectObjectVersion = 77;
			productRefGroup = 231481C12D65659F00F65CF7;
			projectDirPath = "";
			projectRoot = "";
			targets = (
				231481C92D65659F00F65CF7 /* LeagueiOSChallenge */,
				231481D92D6565A000F65CF7 /* LeagueiOSChallengeTests */,
				231481E32D6565A000F65CF7 /* LeagueiOSChallengeUITests */,
			);
		};
/* End PBXProject section */

/* Begin PBXResourcesBuildPhase section */
		231481C82D65659F00F65CF7 /* Resources */ = {
			isa = PBXResourcesBuildPhase;
			buildActionMask = 2147483647;
			files = (
			);
			runOnlyForDeploymentPostprocessing = 0;
		};
		231481D82D6565A000F65CF7 /* Resources */ = {
			isa = PBXResourcesBuildPhase;
			buildActionMask = 2147483647;
			files = (
			);
			runOnlyForDeploymentPostprocessing = 0;
		};
		231481E22D6565A000F65CF7 /* Resources */ = {
			isa = PBXResourcesBuildPhase;
			buildActionMask = 2147483647;
			files = (
			);
			runOnlyForDeploymentPostprocessing = 0;
		};
/* End PBXResourcesBuildPhase section */

/* Begin PBXSourcesBuildPhase section */
		231481C62D65659F00F65CF7 /* Sources */ = {
			isa = PBXSourcesBuildPhase;
			buildActionMask = 2147483647;
			files = (
			);
			runOnlyForDeploymentPostprocessing = 0;
		};
		231481D62D6565A000F65CF7 /* Sources */ = {
			isa = PBXSourcesBuildPhase;
			buildActionMask = 2147483647;
			files = (
			);
			runOnlyForDeploymentPostprocessing = 0;
		};
		231481E02D6565A000F65CF7 /* Sources */ = {
			isa = PBXSourcesBuildPhase;
			buildActionMask = 2147483647;
			files = (
			);
			runOnlyForDeploymentPostprocessing = 0;
		};
/* End PBXSourcesBuildPhase section */

/* Begin PBXTargetDependency section */
		231481DC2D6565A000F65CF7 /* PBXTargetDependency */ = {
			isa = PBXTargetDependency;
			target = 231481C92D65659F00F65CF7 /* LeagueiOSChallenge */;
			targetProxy = 231481DB2D6565A000F65CF7 /* PBXContainerItemProxy */;
		};
		231481E62D6565A000F65CF7 /* PBXTargetDependency */ = {
			isa = PBXTargetDependency;
			target = 231481C92D65659F00F65CF7 /* LeagueiOSChallenge */;
			targetProxy = 231481E52D6565A000F65CF7 /* PBXContainerItemProxy */;
		};
/* End PBXTargetDependency section */

/* Begin XCBuildConfiguration section */
		231481EC2D6565A000F65CF7 /* Debug */ = {
			isa = XCBuildConfiguration;
			buildSettings = {
				ALWAYS_SEARCH_USER_PATHS = NO;
				ASSETCATALOG_COMPILER_GENERATE_SWIFT_ASSET_SYMBOL_EXTENSIONS = YES;
				CLANG_ANALYZER_NONNULL = YES;
				CLANG_ANALYZER_NUMBER_OBJECT_CONVERSION = YES_AGGRESSIVE;
				CLANG_CXX_LANGUAGE_STANDARD = "gnu++20";
				CLANG_ENABLE_MODULES = YES;
				CLANG_ENABLE_OBJC_ARC = YES;
				CLANG_ENABLE_OBJC_WEAK = YES;
				CLANG_WARN_BLOCK_CAPTURE_AUTORELEASING = YES;
				CLANG_WARN_BOOL_CONVERSION = YES;
				CLANG_WARN_COMMA = YES;
				CLANG_WARN_CONSTANT_CONVERSION = YES;
				CLANG_WARN_DEPRECATED_OBJC_IMPLEMENTATIONS = YES;
				CLANG_WARN_DIRECT_OBJC_ISA_USAGE = YES_ERROR;
				CLANG_WARN_DOCUMENTATION_COMMENTS = YES;
				CLANG_WARN_EMPTY_BODY = YES;
				CLANG_WARN_ENUM_CONVERSION = YES;
				CLANG_WARN_INFINITE_RECURSION = YES;
				CLANG_WARN_INT_CONVERSION = YES;
				CLANG_WARN_NON_LITERAL_NULL_CONVERSION = YES;
				CLANG_WARN_OBJC_IMPLICIT_RETAIN_SELF = YES;
				CLANG_WARN_OBJC_LITERAL_CONVERSION = YES;
				CLANG_WARN_OBJC_ROOT_CLASS = YES_ERROR;
				CLANG_WARN_QUOTED_INCLUDE_IN_FRAMEWORK_HEADER = YES;
				CLANG_WARN_RANGE_LOOP_ANALYSIS = YES;
				CLANG_WARN_STRICT_PROTOTYPES = YES;
				CLANG_WARN_SUSPICIOUS_MOVE = YES;
				CLANG_WARN_UNGUARDED_AVAILABILITY = YES_AGGRESSIVE;
				CLANG_WARN_UNREACHABLE_CODE = YES;
				CLANG_WARN__DUPLICATE_METHOD_MATCH = YES;
				COPY_PHASE_STRIP = NO;
				DEBUG_INFORMATION_FORMAT = dwarf;
				ENABLE_STRICT_OBJC_MSGSEND = YES;
				ENABLE_TESTABILITY = YES;
				ENABLE_USER_SCRIPT_SANDBOXING = YES;
				GCC_C_LANGUAGE_STANDARD = gnu17;
				GCC_DYNAMIC_NO_PIC = NO;
				GCC_NO_COMMON_BLOCKS = YES;
				GCC_OPTIMIZATION_LEVEL = 0;
				GCC_PREPROCESSOR_DEFINITIONS = (
					"DEBUG=1",
					"$(inherited)",
				);
				GCC_WARN_64_TO_32_BIT_CONVERSION = YES;
				GCC_WARN_ABOUT_RETURN_TYPE = YES_ERROR;
				GCC_WARN_UNDECLARED_SELECTOR = YES;
				GCC_WARN_UNINITIALIZED_AUTOS = YES_AGGRESSIVE;
				GCC_WARN_UNUSED_FUNCTION = YES;
				GCC_WARN_UNUSED_VARIABLE = YES;
				IPHONEOS_DEPLOYMENT_TARGET = 18.0;
				LOCALIZATION_PREFERS_STRING_CATALOGS = YES;
				MTL_ENABLE_DEBUG_INFO = INCLUDE_SOURCE;
				MTL_FAST_MATH = YES;
				ONLY_ACTIVE_ARCH = YES;
				SDKROOT = iphoneos;
				SWIFT_ACTIVE_COMPILATION_CONDITIONS = "DEBUG $(inherited)";
				SWIFT_OPTIMIZATION_LEVEL = "-Onone";
			};
			name = Debug;
		};
		231481ED2D6565A000F65CF7 /* Release */ = {
			isa = XCBuildConfiguration;
			buildSettings = {
				ALWAYS_SEARCH_USER_PATHS = NO;
				ASSETCATALOG_COMPILER_GENERATE_SWIFT_ASSET_SYMBOL_EXTENSIONS = YES;
				CLANG_ANALYZER_NONNULL = YES;
				CLANG_ANALYZER_NUMBER_OBJECT_CONVERSION = YES_AGGRESSIVE;
				CLANG_CXX_LANGUAGE_STANDARD = "gnu++20";
				CLANG_ENABLE_MODULES = YES;
				CLANG_ENABLE_OBJC_ARC = YES;
				CLANG_ENABLE_OBJC_WEAK = YES;
				CLANG_WARN_BLOCK_CAPTURE_AUTORELEASING = YES;
				CLANG_WARN_BOOL_CONVERSION = YES;
				CLANG_WARN_COMMA = YES;
				CLANG_WARN_CONSTANT_CONVERSION = YES;
				CLANG_WARN_DEPRECATED_OBJC_IMPLEMENTATIONS = YES;
				CLANG_WARN_DIRECT_OBJC_ISA_USAGE = YES_ERROR;
				CLANG_WARN_DOCUMENTATION_COMMENTS = YES;
				CLANG_WARN_EMPTY_BODY = YES;
				CLANG_WARN_ENUM_CONVERSION = YES;
				CLANG_WARN_INFINITE_RECURSION = YES;
				CLANG_WARN_INT_CONVERSION = YES;
				CLANG_WARN_NON_LITERAL_NULL_CONVERSION = YES;
				CLANG_WARN_OBJC_IMPLICIT_RETAIN_SELF = YES;
				CLANG_WARN_OBJC_LITERAL_CONVERSION = YES;
				CLANG_WARN_OBJC_ROOT_CLASS = YES_ERROR;
				CLANG_WARN_QUOTED_INCLUDE_IN_FRAMEWORK_HEADER = YES;
				CLANG_WARN_RANGE_LOOP_ANALYSIS = YES;
				CLANG_WARN_STRICT_PROTOTYPES = YES;
				CLANG_WARN_SUSPICIOUS_MOVE = YES;
				CLANG_WARN_UNGUARDED_AVAILABILITY = YES_AGGRESSIVE;
				CLANG_WARN_UNREACHABLE_CODE = YES;
				CLANG_WARN__DUPLICATE_METHOD_MATCH = YES;
				COPY_PHASE_STRIP = NO;
				DEBUG_INFORMATION_FORMAT = "dwarf-with-dsym";
				ENABLE_NS_ASSERTIONS = NO;
				ENABLE_STRICT_OBJC_MSGSEND = YES;
				ENABLE_USER_SCRIPT_SANDBOXING = YES;
				GCC_C_LANGUAGE_STANDARD = gnu17;
				GCC_NO_COMMON_BLOCKS = YES;
				GCC_WARN_64_TO_32_BIT_CONVERSION = YES;
				GCC_WARN_ABOUT_RETURN_TYPE = YES_ERROR;
				GCC_WARN_UNDECLARED_SELECTOR = YES;
				GCC_WARN_UNINITIALIZED_AUTOS = YES_AGGRESSIVE;
				GCC_WARN_UNUSED_FUNCTION = YES;
				GCC_WARN_UNUSED_VARIABLE = YES;
				IPHONEOS_DEPLOYMENT_TARGET = 18.0;
				LOCALIZATION_PREFERS_STRING_CATALOGS = YES;
				MTL_ENABLE_DEBUG_INFO = NO;
				MTL_FAST_MATH = YES;
				SDKROOT = iphoneos;
				SWIFT_COMPILATION_MODE = wholemodule;
				VALIDATE_PRODUCT = YES;
			};
			name = Release;
		};
		231481EF2D6565A000F65CF7 /* Debug */ = {
			isa = XCBuildConfiguration;
			buildSettings = {
				ASSETCATALOG_COMPILER_APPICON_NAME = AppIcon;
				ASSETCATALOG_COMPILER_GLOBAL_ACCENT_COLOR_NAME = AccentColor;
				CODE_SIGN_IDENTITY = "Apple Development";
				CODE_SIGN_STYLE = Automatic;
				CURRENT_PROJECT_VERSION = 1;
				DEVELOPMENT_ASSET_PATHS = "\"LeagueiOSChallenge/Bundle/Preview Content\"";
				DEVELOPMENT_TEAM = 8T3W9YR268;
				ENABLE_PREVIEWS = YES;
				GENERATE_INFOPLIST_FILE = YES;
				INFOPLIST_KEY_UIApplicationSceneManifest_Generation = YES;
				INFOPLIST_KEY_UIApplicationSupportsIndirectInputEvents = YES;
				INFOPLIST_KEY_UILaunchScreen_Generation = YES;
				INFOPLIST_KEY_UISupportedInterfaceOrientations_iPad = "UIInterfaceOrientationPortrait UIInterfaceOrientationPortraitUpsideDown UIInterfaceOrientationLandscapeLeft UIInterfaceOrientationLandscapeRight";
				INFOPLIST_KEY_UISupportedInterfaceOrientations_iPhone = "UIInterfaceOrientationPortrait UIInterfaceOrientationLandscapeLeft UIInterfaceOrientationLandscapeRight";
				IPHONEOS_DEPLOYMENT_TARGET = 17.6;
				LD_RUNPATH_SEARCH_PATHS = (
					"$(inherited)",
					"@executable_path/Frameworks",
				);
				MARKETING_VERSION = 1.0;
				PRODUCT_BUNDLE_IDENTIFIER = com.greenace.LeagueiOSChallenge;
				PRODUCT_NAME = "$(TARGET_NAME)";
				PROVISIONING_PROFILE_SPECIFIER = "";
				SWIFT_EMIT_LOC_STRINGS = YES;
				SWIFT_VERSION = 5.0;
				TARGETED_DEVICE_FAMILY = "1,2";
			};
			name = Debug;
		};
		231481F02D6565A000F65CF7 /* Release */ = {
			isa = XCBuildConfiguration;
			buildSettings = {
				ASSETCATALOG_COMPILER_APPICON_NAME = AppIcon;
				ASSETCATALOG_COMPILER_GLOBAL_ACCENT_COLOR_NAME = AccentColor;
				CODE_SIGN_IDENTITY = "Apple Development";
				CODE_SIGN_STYLE = Automatic;
				CURRENT_PROJECT_VERSION = 1;
				DEVELOPMENT_ASSET_PATHS = "\"LeagueiOSChallenge/Bundle/Preview Content\"";
				DEVELOPMENT_TEAM = 8T3W9YR268;
				ENABLE_PREVIEWS = YES;
				GENERATE_INFOPLIST_FILE = YES;
				INFOPLIST_KEY_UIApplicationSceneManifest_Generation = YES;
				INFOPLIST_KEY_UIApplicationSupportsIndirectInputEvents = YES;
				INFOPLIST_KEY_UILaunchScreen_Generation = YES;
				INFOPLIST_KEY_UISupportedInterfaceOrientations_iPad = "UIInterfaceOrientationPortrait UIInterfaceOrientationPortraitUpsideDown UIInterfaceOrientationLandscapeLeft UIInterfaceOrientationLandscapeRight";
				INFOPLIST_KEY_UISupportedInterfaceOrientations_iPhone = "UIInterfaceOrientationPortrait UIInterfaceOrientationLandscapeLeft UIInterfaceOrientationLandscapeRight";
				IPHONEOS_DEPLOYMENT_TARGET = 17.6;
				LD_RUNPATH_SEARCH_PATHS = (
					"$(inherited)",
					"@executable_path/Frameworks",
				);
				MARKETING_VERSION = 1.0;
				PRODUCT_BUNDLE_IDENTIFIER = com.greenace.LeagueiOSChallenge;
				PRODUCT_NAME = "$(TARGET_NAME)";
				PROVISIONING_PROFILE_SPECIFIER = "";
				SWIFT_EMIT_LOC_STRINGS = YES;
				SWIFT_VERSION = 5.0;
				TARGETED_DEVICE_FAMILY = "1,2";
			};
			name = Release;
		};
		231481F22D6565A000F65CF7 /* Debug */ = {
			isa = XCBuildConfiguration;
			buildSettings = {
				BUNDLE_LOADER = "$(TEST_HOST)";
				CODE_SIGN_STYLE = Automatic;
				CURRENT_PROJECT_VERSION = 1;
				DEVELOPMENT_TEAM = 8T3W9YR268;
				GENERATE_INFOPLIST_FILE = YES;
				IPHONEOS_DEPLOYMENT_TARGET = 17.6;
				MARKETING_VERSION = 1.0;
				PRODUCT_BUNDLE_IDENTIFIER = com.greenace.LeagueiOSChallengeTests;
				PRODUCT_NAME = "$(TARGET_NAME)";
				SWIFT_EMIT_LOC_STRINGS = NO;
				SWIFT_VERSION = 5.0;
				TARGETED_DEVICE_FAMILY = "1,2";
				TEST_HOST = "$(BUILT_PRODUCTS_DIR)/LeagueiOSChallenge.app/$(BUNDLE_EXECUTABLE_FOLDER_PATH)/LeagueiOSChallenge";
			};
			name = Debug;
		};
		231481F32D6565A000F65CF7 /* Release */ = {
			isa = XCBuildConfiguration;
			buildSettings = {
				BUNDLE_LOADER = "$(TEST_HOST)";
				CODE_SIGN_STYLE = Automatic;
				CURRENT_PROJECT_VERSION = 1;
				DEVELOPMENT_TEAM = 8T3W9YR268;
				GENERATE_INFOPLIST_FILE = YES;
				IPHONEOS_DEPLOYMENT_TARGET = 17.6;
				MARKETING_VERSION = 1.0;
				PRODUCT_BUNDLE_IDENTIFIER = com.greenace.LeagueiOSChallengeTests;
				PRODUCT_NAME = "$(TARGET_NAME)";
				SWIFT_EMIT_LOC_STRINGS = NO;
				SWIFT_VERSION = 5.0;
				TARGETED_DEVICE_FAMILY = "1,2";
				TEST_HOST = "$(BUILT_PRODUCTS_DIR)/LeagueiOSChallenge.app/$(BUNDLE_EXECUTABLE_FOLDER_PATH)/LeagueiOSChallenge";
			};
			name = Release;
		};
		231481F52D6565A000F65CF7 /* Debug */ = {
			isa = XCBuildConfiguration;
			buildSettings = {
				CODE_SIGN_STYLE = Automatic;
				CURRENT_PROJECT_VERSION = 1;
				DEVELOPMENT_TEAM = 8T3W9YR268;
				GENERATE_INFOPLIST_FILE = YES;
				IPHONEOS_DEPLOYMENT_TARGET = 17.6;
				MARKETING_VERSION = 1.0;
				PRODUCT_BUNDLE_IDENTIFIER = com.greenace.LeagueiOSChallengeUITests;
				PRODUCT_NAME = "$(TARGET_NAME)";
				SWIFT_EMIT_LOC_STRINGS = NO;
				SWIFT_VERSION = 5.0;
				TARGETED_DEVICE_FAMILY = "1,2";
				TEST_TARGET_NAME = LeagueiOSChallenge;
			};
			name = Debug;
		};
		231481F62D6565A000F65CF7 /* Release */ = {
			isa = XCBuildConfiguration;
			buildSettings = {
				CODE_SIGN_STYLE = Automatic;
				CURRENT_PROJECT_VERSION = 1;
				DEVELOPMENT_TEAM = 8T3W9YR268;
				GENERATE_INFOPLIST_FILE = YES;
				IPHONEOS_DEPLOYMENT_TARGET = 17.6;
				MARKETING_VERSION = 1.0;
				PRODUCT_BUNDLE_IDENTIFIER = com.greenace.LeagueiOSChallengeUITests;
				PRODUCT_NAME = "$(TARGET_NAME)";
				SWIFT_EMIT_LOC_STRINGS = NO;
				SWIFT_VERSION = 5.0;
				TARGETED_DEVICE_FAMILY = "1,2";
				TEST_TARGET_NAME = LeagueiOSChallenge;
			};
			name = Release;
		};
/* End XCBuildConfiguration section */

/* Begin XCConfigurationList section */
		231481C52D65659F00F65CF7 /* Build configuration list for PBXProject "LeagueiOSChallenge" */ = {
			isa = XCConfigurationList;
			buildConfigurations = (
				231481EC2D6565A000F65CF7 /* Debug */,
				231481ED2D6565A000F65CF7 /* Release */,
			);
			defaultConfigurationIsVisible = 0;
			defaultConfigurationName = Release;
		};
		231481EE2D6565A000F65CF7 /* Build configuration list for PBXNativeTarget "LeagueiOSChallenge" */ = {
			isa = XCConfigurationList;
			buildConfigurations = (
				231481EF2D6565A000F65CF7 /* Debug */,
				231481F02D6565A000F65CF7 /* Release */,
			);
			defaultConfigurationIsVisible = 0;
			defaultConfigurationName = Release;
		};
		231481F12D6565A000F65CF7 /* Build configuration list for PBXNativeTarget "LeagueiOSChallengeTests" */ = {
			isa = XCConfigurationList;
			buildConfigurations = (
				231481F22D6565A000F65CF7 /* Debug */,
				231481F32D6565A000F65CF7 /* Release */,
			);
			defaultConfigurationIsVisible = 0;
			defaultConfigurationName = Release;
		};
		231481F42D6565A000F65CF7 /* Build configuration list for PBXNativeTarget "LeagueiOSChallengeUITests" */ = {
			isa = XCConfigurationList;
			buildConfigurations = (
				231481F52D6565A000F65CF7 /* Debug */,
				231481F62D6565A000F65CF7 /* Release */,
			);
			defaultConfigurationIsVisible = 0;
			defaultConfigurationName = Release;
		};
/* End XCConfigurationList section */
	};
	rootObject = 231481C22D65659F00F65CF7 /* Project object */;
}
